# THIS IS AN AUTOGENERATED FILE. DO NOT EDIT THIS FILE DIRECTLY.
# yarn lockfile v1


eslint-plugin-react-hooks@^4.2.1-alpha-ed6c091fe-20210701:
  version "4.2.1-alpha-ed6c091fe-20210701"
  resolved "https://registry.yarnpkg.com/eslint-plugin-react-hooks/-/eslint-plugin-react-hooks-4.2.1-alpha-ed6c091fe-20210701.tgz#cb8c0ef9e4d8ff5165bbb0434bd5bae142c4c9ea"
  integrity sha512-DLMbtjPI7b63TWi9JQyQ/o5KhzdDuaap+XCO8uC55GVoYBBNNwGgxJC97rb00g0nQE5DrgXHp3dHvinoQjXQ8Q==
